
Microsoft Visual Studio Solution File, Format Version 12.00
Project("{FAE04EC0-301F-11D3-BF4B-00C04F79EFBC}") = "hammer", "src\hammer\hammer.csproj", "{517C2A04-D7E9-4A21-880C-93C6AD15F369}"
EndProject
Project("{FAE04EC0-301F-11D3-BF4B-00C04F79EFBC}") = "hammer.VueCliServices", "src\hammer.VueCliServices\hammer.VueCliServices.csproj", "{7A151FCC-97BE-4E9B-9808-8BC933B328E5}"
EndProject
Global
	GlobalSection(SolutionConfigurationPlatforms) = preSolution
		Debug|Any CPU = Debug|Any CPU
		Release|Any CPU = Release|Any CPU
	EndGlobalSection
	GlobalSection(ProjectConfigurationPlatforms) = postSolution
		{517C2A04-D7E9-4A21-880C-93C6AD15F369}.Debug|Any CPU.ActiveCfg = Debug|Any CPU
		{517C2A04-D7E9-4A21-880C-93C6AD15F369}.Debug|Any CPU.Build.0 = Debug|Any CPU
		{7A151FCC-97BE-4E9B-9808-8BC933B328E5}.Debug|Any CPU.ActiveCfg = Debug|Any CPU
		{7A151FCC-97BE-4E9B-9808-8BC933B328E5}.Debug|Any CPU.Build.0 = Debug|Any CPU
	EndGlobalSection
EndGlobal
